
Microsoft Visual Studio Solution File, Format Version 12.00
# Visual Studio Version 16
VisualStudioVersion = 16.0.30406.217
MinimumVisualStudioVersion = 10.0.40219.1
Project("{FAE04EC0-301F-11D3-BF4B-00C04F79EFBC}") = "Average_Temperature", "Average_Temperature.csproj", "{817813BD-7A99-4C0B-9DC5-EA38F1BE03D8}"
EndProject
Global
	GlobalSection(SolutionConfigurationPlatforms) = preSolution
		Debug|Any CPU = Debug|Any CPU
		Release|Any CPU = Release|Any CPU
	EndGlobalSection
	GlobalSection(ProjectConfigurationPlatforms) = postSolution
		{817813BD-7A99-4C0B-9DC5-EA38F1BE03D8}.Debug|Any CPU.ActiveCfg = Debug|Any CPU
		{817813BD-7A99-4C0B-9DC5-EA38F1BE03D8}.Debug|Any CPU.Build.0 = Debug|Any CPU
		{817813BD-7A99-4C0B-9DC5-EA38F1BE03D8}.Release|Any CPU.ActiveCfg = Release|Any CPU
		{817813BD-7A99-4C0B-9DC5-EA38F1BE03D8}.Release|Any CPU.Build.0 = Release|Any CPU
	EndGlobalSection
	GlobalSection(SolutionProperties) = preSolution
		HideSolutionNode = FALSE
	EndGlobalSection
	GlobalSection(ExtensibilityGlobals) = postSolution
		SolutionGuid = {45884876-C07D-441D-9051-ED244E98A6D2}
	EndGlobalSection
EndGlobal
